// !$*UTF8*$!
{
	archiveVersion = 1;
	classes = {
	};
	objectVersion = 77;
	objects = {

/* Begin PBXBuildFile section */
		523E514B2DA36A1E00208A71 /* FirebaseAnalytics in Frameworks */ = {isa = PBXBuildFile; productRef = 523E514A2DA36A1E00208A71 /* FirebaseAnalytics */; };
		523E514D2DA36A2A00208A71 /* FirebaseMessaging in Frameworks */ = {isa = PBXBuildFile; productRef = 523E514C2DA36A2A00208A71 /* FirebaseMessaging */; };
/* End PBXBuildFile section */

/* Begin PBXContainerItemProxy section */
		52978F062D938F3D004FECD9 /* PBXContainerItemProxy */ = {
			isa = PBXContainerItemProxy;
			containerPortal = 52978EE72D938F3D004FECD9 /* Project object */;
			proxyType = 1;
			remoteGlobalIDString = 52978EEE2D938F3D004FECD9;
			remoteInfo = testIos;
		};
		52978F102D938F3D004FECD9 /* PBXContainerItemProxy */ = {
			isa = PBXContainerItemProxy;
			containerPortal = 52978EE72D938F3D004FECD9 /* Project object */;
			proxyType = 1;
			remoteGlobalIDString = 52978EEE2D938F3D004FECD9;
			remoteInfo = testIos;
		};
/* End PBXContainerItemProxy section */

/* Begin PBXFileReference section */
		52978EEF2D938F3D004FECD9 /* testIos.app */ = {isa = PBXFileReference; explicitFileType = wrapper.application; includeInIndex = 0; path = testIos.app; sourceTree = BUILT_PRODUCTS_DIR; };
		52978F052D938F3D004FECD9 /* testIosTests.xctest */ = {isa = PBXFileReference; explicitFileType = wrapper.cfbundle; includeInIndex = 0; path = testIosTests.xctest; sourceTree = BUILT_PRODUCTS_DIR; };
		52978F0F2D938F3D004FECD9 /* testIosUITests.xctest */ = {isa = PBXFileReference; explicitFileType = wrapper.cfbundle; includeInIndex = 0; path = testIosUITests.xctest; sourceTree = BUILT_PRODUCTS_DIR; };
/* End PBXFileReference section */

/* Begin PBXFileSystemSynchronizedBuildFileExceptionSet section */
		52978F172D938F3D004FECD9 /* Exceptions for "testIos" folder in "testIos" target */ = {
			isa = PBXFileSystemSynchronizedBuildFileExceptionSet;
			membershipExceptions = (
				Info.plist,
			);
			target = 52978EEE2D938F3D004FECD9 /* testIos */;
		};
/* End PBXFileSystemSynchronizedBuildFileExceptionSet section */

/* Begin PBXFileSystemSynchronizedRootGroup section */
		52978EF12D938F3D004FECD9 /* testIos */ = {
			isa = PBXFileSystemSynchronizedRootGroup;
			exceptions = (
				52978F172D938F3D004FECD9 /* Exceptions for "testIos" folder in "testIos" target */,
			);
			path = testIos;
			sourceTree = "<group>";
		};
		52978F082D938F3D004FECD9 /* testIosTests */ = {
			isa = PBXFileSystemSynchronizedRootGroup;
			path = testIosTests;
			sourceTree = "<group>";
		};
		52978F122D938F3D004FECD9 /* testIosUITests */ = {
			isa = PBXFileSystemSynchronizedRootGroup;
			path = testIosUITests;
			sourceTree = "<group>";
		};
/* End PBXFileSystemSynchronizedRootGroup section */

/* Begin PBXFrameworksBuildPhase section */
		52978EEC2D938F3D004FECD9 /* Frameworks */ = {
			isa = PBXFrameworksBuildPhase;
			buildActionMask = 2147483647;
			files = (
				523E514D2DA36A2A00208A71 /* FirebaseMessaging in Frameworks */,
				523E514B2DA36A1E00208A71 /* FirebaseAnalytics in Frameworks */,
			);
			runOnlyForDeploymentPostprocessing = 0;
		};
		52978F022D938F3D004FECD9 /* Frameworks */ = {
			isa = PBXFrameworksBuildPhase;
			buildActionMask = 2147483647;
			files = (
			);
			runOnlyForDeploymentPostprocessing = 0;
		};
		52978F0C2D938F3D004FECD9 /* Frameworks */ = {
			isa = PBXFrameworksBuildPhase;
			buildActionMask = 2147483647;
			files = (
			);
			runOnlyForDeploymentPostprocessing = 0;
		};
/* End PBXFrameworksBuildPhase section */

/* Begin PBXGroup section */
		523E51492DA36A1E00208A71 /* Frameworks */ = {
			isa = PBXGroup;
			children = (
			);
			name = Frameworks;
			sourceTree = "<group>";
		};
		52978EE62D938F3D004FECD9 = {
			isa = PBXGroup;
			children = (
				52978EF12D938F3D004FECD9 /* testIos */,
				52978F082D938F3D004FECD9 /* testIosTests */,
				52978F122D938F3D004FECD9 /* testIosUITests */,
				523E51492DA36A1E00208A71 /* Frameworks */,
				52978EF02D938F3D004FECD9 /* Products */,
			);
			sourceTree = "<group>";
		};
		52978EF02D938F3D004FECD9 /* Products */ = {
			isa = PBXGroup;
			children = (
				52978EEF2D938F3D004FECD9 /* testIos.app */,
				52978F052D938F3D004FECD9 /* testIosTests.xctest */,
				52978F0F2D938F3D004FECD9 /* testIosUITests.xctest */,
			);
			name = Products;
			sourceTree = "<group>";
		};
/* End PBXGroup section */

/* Begin PBXNativeTarget section */
		52978EEE2D938F3D004FECD9 /* testIos */ = {
			isa = PBXNativeTarget;
			buildConfigurationList = 52978F182D938F3D004FECD9 /* Build configuration list for PBXNativeTarget "testIos" */;
			buildPhases = (
				52978EEB2D938F3D004FECD9 /* Sources */,
				52978EEC2D938F3D004FECD9 /* Frameworks */,
				52978EED2D938F3D004FECD9 /* Resources */,
			);
			buildRules = (
			);
			dependencies = (
			);
			fileSystemSynchronizedGroups = (
				52978EF12D938F3D004FECD9 /* testIos */,
			);
			name = testIos;
			packageProductDependencies = (
				523E514A2DA36A1E00208A71 /* FirebaseAnalytics */,
				523E514C2DA36A2A00208A71 /* FirebaseMessaging */,
			);
			productName = testIos;
			productReference = 52978EEF2D938F3D004FECD9 /* testIos.app */;
			productType = "com.apple.product-type.application";
		};
		52978F042D938F3D004FECD9 /* testIosTests */ = {
			isa = PBXNativeTarget;
			buildConfigurationList = 52978F1D2D938F3D004FECD9 /* Build configuration list for PBXNativeTarget "testIosTests" */;
			buildPhases = (
				52978F012D938F3D004FECD9 /* Sources */,
				52978F022D938F3D004FECD9 /* Frameworks */,
				52978F032D938F3D004FECD9 /* Resources */,
			);
			buildRules = (
			);
			dependencies = (
				52978F072D938F3D004FECD9 /* PBXTargetDependency */,
			);
			fileSystemSynchronizedGroups = (
				52978F082D938F3D004FECD9 /* testIosTests */,
			);
			name = testIosTests;
			packageProductDependencies = (
			);
			productName = testIosTests;
			productReference = 52978F052D938F3D004FECD9 /* testIosTests.xctest */;
			productType = "com.apple.product-type.bundle.unit-test";
		};
		52978F0E2D938F3D004FECD9 /* testIosUITests */ = {
			isa = PBXNativeTarget;
			buildConfigurationList = 52978F202D938F3D004FECD9 /* Build configuration list for PBXNativeTarget "testIosUITests" */;
			buildPhases = (
				52978F0B2D938F3D004FECD9 /* Sources */,
				52978F0C2D938F3D004FECD9 /* Frameworks */,
				52978F0D2D938F3D004FECD9 /* Resources */,
			);
			buildRules = (
			);
			dependencies = (
				52978F112D938F3D004FECD9 /* PBXTargetDependency */,
			);
			fileSystemSynchronizedGroups = (
				52978F122D938F3D004FECD9 /* testIosUITests */,
			);
			name = testIosUITests;
			packageProductDependencies = (
			);
			productName = testIosUITests;
			productReference = 52978F0F2D938F3D004FECD9 /* testIosUITests.xctest */;
			productType = "com.apple.product-type.bundle.ui-testing";
		};
/* End PBXNativeTarget section */

/* Begin PBXProject section */
		52978EE72D938F3D004FECD9 /* Project object */ = {
			isa = PBXProject;
			attributes = {
				BuildIndependentTargetsInParallel = 1;
				LastSwiftUpdateCheck = 1620;
				LastUpgradeCheck = 1620;
				TargetAttributes = {
					52978EEE2D938F3D004FECD9 = {
						CreatedOnToolsVersion = 16.2;
					};
					52978F042D938F3D004FECD9 = {
						CreatedOnToolsVersion = 16.2;
						TestTargetID = 52978EEE2D938F3D004FECD9;
					};
					52978F0E2D938F3D004FECD9 = {
						CreatedOnToolsVersion = 16.2;
						TestTargetID = 52978EEE2D938F3D004FECD9;
					};
				};
			};
			buildConfigurationList = 52978EEA2D938F3D004FECD9 /* Build configuration list for PBXProject "testIos" */;
			developmentRegion = en;
			hasScannedForEncodings = 0;
			knownRegions = (
				en,
				Base,
			);
			mainGroup = 52978EE62D938F3D004FECD9;
			minimizedProjectReferenceProxies = 1;
			packageReferences = (
				523E51482DA3692E00208A71 /* XCRemoteSwiftPackageReference "firebase-ios-sdk" */,
			);
			preferredProjectObjectVersion = 77;
			productRefGroup = 52978EF02D938F3D004FECD9 /* Products */;
			projectDirPath = "";
			projectRoot = "";
			targets = (
				52978EEE2D938F3D004FECD9 /* testIos */,
				52978F042D938F3D004FECD9 /* testIosTests */,
				52978F0E2D938F3D004FECD9 /* testIosUITests */,
			);
		};
/* End PBXProject section */

/* Begin PBXResourcesBuildPhase section */
		52978EED2D938F3D004FECD9 /* Resources */ = {
			isa = PBXResourcesBuildPhase;
			buildActionMask = 2147483647;
			files = (
			);
			runOnlyForDeploymentPostprocessing = 0;
		};
		52978F032D938F3D004FECD9 /* Resources */ = {
			isa = PBXResourcesBuildPhase;
			buildActionMask = 2147483647;
			files = (
			);
			runOnlyForDeploymentPostprocessing = 0;
		};
		52978F0D2D938F3D004FECD9 /* Resources */ = {
			isa = PBXResourcesBuildPhase;
			buildActionMask = 2147483647;
			files = (
			);
			runOnlyForDeploymentPostprocessing = 0;
		};
/* End PBXResourcesBuildPhase section */

/* Begin PBXSourcesBuildPhase section */
		52978EEB2D938F3D004FECD9 /* Sources */ = {
			isa = PBXSourcesBuildPhase;
			buildActionMask = 2147483647;
			files = (
			);
			runOnlyForDeploymentPostprocessing = 0;
		};
		52978F012D938F3D004FECD9 /* Sources */ = {
			isa = PBXSourcesBuildPhase;
			buildActionMask = 2147483647;
			files = (
			);
			runOnlyForDeploymentPostprocessing = 0;
		};
		52978F0B2D938F3D004FECD9 /* Sources */ = {
			isa = PBXSourcesBuildPhase;
			buildActionMask = 2147483647;
			files = (
			);
			runOnlyForDeploymentPostprocessing = 0;
		};
/* End PBXSourcesBuildPhase section */

/* Begin PBXTargetDependency section */
		52978F072D938F3D004FECD9 /* PBXTargetDependency */ = {
			isa = PBXTargetDependency;
			target = 52978EEE2D938F3D004FECD9 /* testIos */;
			targetProxy = 52978F062D938F3D004FECD9 /* PBXContainerItemProxy */;
		};
		52978F112D938F3D004FECD9 /* PBXTargetDependency */ = {
			isa = PBXTargetDependency;
			target = 52978EEE2D938F3D004FECD9 /* testIos */;
			targetProxy = 52978F102D938F3D004FECD9 /* PBXContainerItemProxy */;
		};
/* End PBXTargetDependency section */

/* Begin XCBuildConfiguration section */
		52978F192D938F3D004FECD9 /* Debug */ = {
			isa = XCBuildConfiguration;
			buildSettings = {
				ASSETCATALOG_COMPILER_APPICON_NAME = AppIcon;
				ASSETCATALOG_COMPILER_GLOBAL_ACCENT_COLOR_NAME = AccentColor;
				CODE_SIGN_ENTITLEMENTS = testIos/testIos.entitlements;
				CODE_SIGN_STYLE = Automatic;
				CURRENT_PROJECT_VERSION = 1;
				DEVELOPMENT_TEAM = CFV777QHFF;
				GENERATE_INFOPLIST_FILE = YES;
				INFOPLIST_FILE = testIos/Info.plist;
				INFOPLIST_KEY_UIApplicationSupportsIndirectInputEvents = YES;
				INFOPLIST_KEY_UILaunchStoryboardName = LaunchScreen;
				INFOPLIST_KEY_UIMainStoryboardFile = Main;
				INFOPLIST_KEY_UISupportedInterfaceOrientations_iPad = "UIInterfaceOrientationPortrait UIInterfaceOrientationPortraitUpsideDown UIInterfaceOrientationLandscapeLeft UIInterfaceOrientationLandscapeRight";
				INFOPLIST_KEY_UISupportedInterfaceOrientations_iPhone = "UIInterfaceOrientationPortrait UIInterfaceOrientationLandscapeLeft UIInterfaceOrientationLandscapeRight";
				LD_RUNPATH_SEARCH_PATHS = (
					"$(inherited)",
					"@executable_path/Frameworks",
				);
				MARKETING_VERSION = 1.0;
				PRODUCT_BUNDLE_IDENTIFIER = com.yhj0904.testIos;
				PRODUCT_NAME = "$(TARGET_NAME)";
				SWIFT_EMIT_LOC_STRINGS = YES;
				SWIFT_VERSION = 5.0;
				TARGETED_DEVICE_FAMILY = "1,2";
			};
			name = Debug;
		};
		52978F1A2D938F3D004FECD9 /* Release */ = {
			isa = XCBuildConfiguration;
			buildSettings = {
				ASSETCATALOG_COMPILER_APPICON_NAME = AppIcon;
				ASSETCATALOG_COMPILER_GLOBAL_ACCENT_COLOR_NAME = AccentColor;
				CODE_SIGN_ENTITLEMENTS = testIos/testIos.entitlements;
				CODE_SIGN_STYLE = Automatic;
				CURRENT_PROJECT_VERSION = 1;
				DEVELOPMENT_TEAM = CFV777QHFF;
				GENERATE_INFOPLIST_FILE = YES;
				INFOPLIST_FILE = testIos/Info.plist;
				INFOPLIST_KEY_UIApplicationSupportsIndirectInputEvents = YES;
				INFOPLIST_KEY_UILaunchStoryboardName = LaunchScreen;
				INFOPLIST_KEY_UIMainStoryboardFile = Main;
				INFOPLIST_KEY_UISupportedInterfaceOrientations_iPad = "UIInterfaceOrientationPortrait UIInterfaceOrientationPortraitUpsideDown UIInterfaceOrientationLandscapeLeft UIInterfaceOrientationLandscapeRight";
				INFOPLIST_KEY_UISupportedInterfaceOrientations_iPhone = "UIInterfaceOrientationPortrait UIInterfaceOrientationLandscapeLeft UIInterfaceOrientationLandscapeRight";
				LD_RUNPATH_SEARCH_PATHS = (
					"$(inherited)",
					"@executable_path/Frameworks",
				);
				MARKETING_VERSION = 1.0;
				PRODUCT_BUNDLE_IDENTIFIER = com.yhj0904.testIos;
				PRODUCT_NAME = "$(TARGET_NAME)";
				SWIFT_EMIT_LOC_STRINGS = YES;
				SWIFT_VERSION = 5.0;
				TARGETED_DEVICE_FAMILY = "1,2";
			};
			name = Release;
		};
		52978F1B2D938F3D004FECD9 /* Debug */ = {
			isa = XCBuildConfiguration;
			buildSettings = {
				ALWAYS_SEARCH_USER_PATHS = NO;
				ASSETCATALOG_COMPILER_GENERATE_SWIFT_ASSET_SYMBOL_EXTENSIONS = YES;
				CLANG_ANALYZER_NONNULL = YES;
				CLANG_ANALYZER_NUMBER_OBJECT_CONVERSION = YES_AGGRESSIVE;
				CLANG_CXX_LANGUAGE_STANDARD = "gnu++20";
				CLANG_ENABLE_MODULES = YES;
				CLANG_ENABLE_OBJC_ARC = YES;
				CLANG_ENABLE_OBJC_WEAK = YES;
				CLANG_WARN_BLOCK_CAPTURE_AUTORELEASING = YES;
				CLANG_WARN_BOOL_CONVERSION = YES;
				CLANG_WARN_COMMA = YES;
				CLANG_WARN_CONSTANT_CONVERSION = YES;
				CLANG_WARN_DEPRECATED_OBJC_IMPLEMENTATIONS = YES;
				CLANG_WARN_DIRECT_OBJC_ISA_USAGE = YES_ERROR;
				CLANG_WARN_DOCUMENTATION_COMMENTS = YES;
				CLANG_WARN_EMPTY_BODY = YES;
				CLANG_WARN_ENUM_CONVERSION = YES;
				CLANG_WARN_INFINITE_RECURSION = YES;
				CLANG_WARN_INT_CONVERSION = YES;
				CLANG_WARN_NON_LITERAL_NULL_CONVERSION = YES;
				CLANG_WARN_OBJC_IMPLICIT_RETAIN_SELF = YES;
				CLANG_WARN_OBJC_LITERAL_CONVERSION = YES;
				CLANG_WARN_OBJC_ROOT_CLASS = YES_ERROR;
				CLANG_WARN_QUOTED_INCLUDE_IN_FRAMEWORK_HEADER = YES;
				CLANG_WARN_RANGE_LOOP_ANALYSIS = YES;
				CLANG_WARN_STRICT_PROTOTYPES = YES;
				CLANG_WARN_SUSPICIOUS_MOVE = YES;
				CLANG_WARN_UNGUARDED_AVAILABILITY = YES_AGGRESSIVE;
				CLANG_WARN_UNREACHABLE_CODE = YES;
				CLANG_WARN__DUPLICATE_METHOD_MATCH = YES;
				COPY_PHASE_STRIP = NO;
				DEBUG_INFORMATION_FORMAT = dwarf;
				ENABLE_STRICT_OBJC_MSGSEND = YES;
				ENABLE_TESTABILITY = YES;
				ENABLE_USER_SCRIPT_SANDBOXING = YES;
				GCC_C_LANGUAGE_STANDARD = gnu17;
				GCC_DYNAMIC_NO_PIC = NO;
				GCC_NO_COMMON_BLOCKS = YES;
				GCC_OPTIMIZATION_LEVEL = 0;
				GCC_PREPROCESSOR_DEFINITIONS = (
					"DEBUG=1",
					"$(inherited)",
				);
				GCC_WARN_64_TO_32_BIT_CONVERSION = YES;
				GCC_WARN_ABOUT_RETURN_TYPE = YES_ERROR;
				GCC_WARN_UNDECLARED_SELECTOR = YES;
				GCC_WARN_UNINITIALIZED_AUTOS = YES_AGGRESSIVE;
				GCC_WARN_UNUSED_FUNCTION = YES;
				GCC_WARN_UNUSED_VARIABLE = YES;
				IPHONEOS_DEPLOYMENT_TARGET = 18.2;
				LOCALIZATION_PREFERS_STRING_CATALOGS = YES;
				MTL_ENABLE_DEBUG_INFO = INCLUDE_SOURCE;
				MTL_FAST_MATH = YES;
				ONLY_ACTIVE_ARCH = YES;
				SDKROOT = iphoneos;
				SWIFT_ACTIVE_COMPILATION_CONDITIONS = "DEBUG $(inherited)";
				SWIFT_OPTIMIZATION_LEVEL = "-Onone";
			};
			name = Debug;
		};
		52978F1C2D938F3D004FECD9 /* Release */ = {
			isa = XCBuildConfiguration;
			buildSettings = {
				ALWAYS_SEARCH_USER_PATHS = NO;
				ASSETCATALOG_COMPILER_GENERATE_SWIFT_ASSET_SYMBOL_EXTENSIONS = YES;
				CLANG_ANALYZER_NONNULL = YES;
				CLANG_ANALYZER_NUMBER_OBJECT_CONVERSION = YES_AGGRESSIVE;
				CLANG_CXX_LANGUAGE_STANDARD = "gnu++20";
				CLANG_ENABLE_MODULES = YES;
				CLANG_ENABLE_OBJC_ARC = YES;
				CLANG_ENABLE_OBJC_WEAK = YES;
				CLANG_WARN_BLOCK_CAPTURE_AUTORELEASING = YES;
				CLANG_WARN_BOOL_CONVERSION = YES;
				CLANG_WARN_COMMA = YES;
				CLANG_WARN_CONSTANT_CONVERSION = YES;
				CLANG_WARN_DEPRECATED_OBJC_IMPLEMENTATIONS = YES;
				CLANG_WARN_DIRECT_OBJC_ISA_USAGE = YES_ERROR;
				CLANG_WARN_DOCUMENTATION_COMMENTS = YES;
				CLANG_WARN_EMPTY_BODY = YES;
				CLANG_WARN_ENUM_CONVERSION = YES;
				CLANG_WARN_INFINITE_RECURSION = YES;
				CLANG_WARN_INT_CONVERSION = YES;
				CLANG_WARN_NON_LITERAL_NULL_CONVERSION = YES;
				CLANG_WARN_OBJC_IMPLICIT_RETAIN_SELF = YES;
				CLANG_WARN_OBJC_LITERAL_CONVERSION = YES;
				CLANG_WARN_OBJC_ROOT_CLASS = YES_ERROR;
				CLANG_WARN_QUOTED_INCLUDE_IN_FRAMEWORK_HEADER = YES;
				CLANG_WARN_RANGE_LOOP_ANALYSIS = YES;
				CLANG_WARN_STRICT_PROTOTYPES = YES;
				CLANG_WARN_SUSPICIOUS_MOVE = YES;
				CLANG_WARN_UNGUARDED_AVAILABILITY = YES_AGGRESSIVE;
				CLANG_WARN_UNREACHABLE_CODE = YES;
				CLANG_WARN__DUPLICATE_METHOD_MATCH = YES;
				COPY_PHASE_STRIP = NO;
				DEBUG_INFORMATION_FORMAT = "dwarf-with-dsym";
				ENABLE_NS_ASSERTIONS = NO;
				ENABLE_STRICT_OBJC_MSGSEND = YES;
				ENABLE_USER_SCRIPT_SANDBOXING = YES;
				GCC_C_LANGUAGE_STANDARD = gnu17;
				GCC_NO_COMMON_BLOCKS = YES;
				GCC_WARN_64_TO_32_BIT_CONVERSION = YES;
				GCC_WARN_ABOUT_RETURN_TYPE = YES_ERROR;
				GCC_WARN_UNDECLARED_SELECTOR = YES;
				GCC_WARN_UNINITIALIZED_AUTOS = YES_AGGRESSIVE;
				GCC_WARN_UNUSED_FUNCTION = YES;
				GCC_WARN_UNUSED_VARIABLE = YES;
				IPHONEOS_DEPLOYMENT_TARGET = 18.2;
				LOCALIZATION_PREFERS_STRING_CATALOGS = YES;
				MTL_ENABLE_DEBUG_INFO = NO;
				MTL_FAST_MATH = YES;
				SDKROOT = iphoneos;
				SWIFT_COMPILATION_MODE = wholemodule;
				VALIDATE_PRODUCT = YES;
			};
			name = Release;
		};
		52978F1E2D938F3D004FECD9 /* Debug */ = {
			isa = XCBuildConfiguration;
			buildSettings = {
				BUNDLE_LOADER = "$(TEST_HOST)";
				CODE_SIGN_STYLE = Automatic;
				CURRENT_PROJECT_VERSION = 1;
				DEVELOPMENT_TEAM = 8D4SK2Z7SR;
				GENERATE_INFOPLIST_FILE = YES;
				IPHONEOS_DEPLOYMENT_TARGET = 18.2;
				MARKETING_VERSION = 1.0;
				PRODUCT_BUNDLE_IDENTIFIER = com.yhj0904.testIosTests;
				PRODUCT_NAME = "$(TARGET_NAME)";
				SWIFT_EMIT_LOC_STRINGS = NO;
				SWIFT_VERSION = 5.0;
				TARGETED_DEVICE_FAMILY = "1,2";
				TEST_HOST = "$(BUILT_PRODUCTS_DIR)/testIos.app/$(BUNDLE_EXECUTABLE_FOLDER_PATH)/testIos";
			};
			name = Debug;
		};
		52978F1F2D938F3D004FECD9 /* Release */ = {
			isa = XCBuildConfiguration;
			buildSettings = {
				BUNDLE_LOADER = "$(TEST_HOST)";
				CODE_SIGN_STYLE = Automatic;
				CURRENT_PROJECT_VERSION = 1;
				DEVELOPMENT_TEAM = 8D4SK2Z7SR;
				GENERATE_INFOPLIST_FILE = YES;
				IPHONEOS_DEPLOYMENT_TARGET = 18.2;
				MARKETING_VERSION = 1.0;
				PRODUCT_BUNDLE_IDENTIFIER = com.yhj0904.testIosTests;
				PRODUCT_NAME = "$(TARGET_NAME)";
				SWIFT_EMIT_LOC_STRINGS = NO;
				SWIFT_VERSION = 5.0;
				TARGETED_DEVICE_FAMILY = "1,2";
				TEST_HOST = "$(BUILT_PRODUCTS_DIR)/testIos.app/$(BUNDLE_EXECUTABLE_FOLDER_PATH)/testIos";
			};
			name = Release;
		};
		52978F212D938F3D004FECD9 /* Debug */ = {
			isa = XCBuildConfiguration;
			buildSettings = {
				CODE_SIGN_STYLE = Automatic;
				CURRENT_PROJECT_VERSION = 1;
				DEVELOPMENT_TEAM = 8D4SK2Z7SR;
				GENERATE_INFOPLIST_FILE = YES;
				MARKETING_VERSION = 1.0;
				PRODUCT_BUNDLE_IDENTIFIER = com.yhj0904.testIosUITests;
				PRODUCT_NAME = "$(TARGET_NAME)";
				SWIFT_EMIT_LOC_STRINGS = NO;
				SWIFT_VERSION = 5.0;
				TARGETED_DEVICE_FAMILY = "1,2";
				TEST_TARGET_NAME = testIos;
			};
			name = Debug;
		};
		52978F222D938F3D004FECD9 /* Release */ = {
			isa = XCBuildConfiguration;
			buildSettings = {
				CODE_SIGN_STYLE = Automatic;
				CURRENT_PROJECT_VERSION = 1;
				DEVELOPMENT_TEAM = 8D4SK2Z7SR;
				GENERATE_INFOPLIST_FILE = YES;
				MARKETING_VERSION = 1.0;
				PRODUCT_BUNDLE_IDENTIFIER = com.yhj0904.testIosUITests;
				PRODUCT_NAME = "$(TARGET_NAME)";
				SWIFT_EMIT_LOC_STRINGS = NO;
				SWIFT_VERSION = 5.0;
				TARGETED_DEVICE_FAMILY = "1,2";
				TEST_TARGET_NAME = testIos;
			};
			name = Release;
		};
/* End XCBuildConfiguration section */

/* Begin XCConfigurationList section */
		52978EEA2D938F3D004FECD9 /* Build configuration list for PBXProject "testIos" */ = {
			isa = XCConfigurationList;
			buildConfigurations = (
				52978F1B2D938F3D004FECD9 /* Debug */,
				52978F1C2D938F3D004FECD9 /* Release */,
			);
			defaultConfigurationIsVisible = 0;
			defaultConfigurationName = Release;
		};
		52978F182D938F3D004FECD9 /* Build configuration list for PBXNativeTarget "testIos" */ = {
			isa = XCConfigurationList;
			buildConfigurations = (
				52978F192D938F3D004FECD9 /* Debug */,
				52978F1A2D938F3D004FECD9 /* Release */,
			);
			defaultConfigurationIsVisible = 0;
			defaultConfigurationName = Release;
		};
		52978F1D2D938F3D004FECD9 /* Build configuration list for PBXNativeTarget "testIosTests" */ = {
			isa = XCConfigurationList;
			buildConfigurations = (
				52978F1E2D938F3D004FECD9 /* Debug */,
				52978F1F2D938F3D004FECD9 /* Release */,
			);
			defaultConfigurationIsVisible = 0;
			defaultConfigurationName = Release;
		};
		52978F202D938F3D004FECD9 /* Build configuration list for PBXNativeTarget "testIosUITests" */ = {
			isa = XCConfigurationList;
			buildConfigurations = (
				52978F212D938F3D004FECD9 /* Debug */,
				52978F222D938F3D004FECD9 /* Release */,
			);
			defaultConfigurationIsVisible = 0;
			defaultConfigurationName = Release;
		};
/* End XCConfigurationList section */

/* Begin XCRemoteSwiftPackageReference section */
		523E51482DA3692E00208A71 /* XCRemoteSwiftPackageReference "firebase-ios-sdk" */ = {
			isa = XCRemoteSwiftPackageReference;
			repositoryURL = "https://github.com/firebase/firebase-ios-sdk";
			requirement = {
				kind = upToNextMajorVersion;
				minimumVersion = 11.11.0;
			};
		};
/* End XCRemoteSwiftPackageReference section */

/* Begin XCSwiftPackageProductDependency section */
		523E514A2DA36A1E00208A71 /* FirebaseAnalytics */ = {
			isa = XCSwiftPackageProductDependency;
			package = 523E51482DA3692E00208A71 /* XCRemoteSwiftPackageReference "firebase-ios-sdk" */;
			productName = FirebaseAnalytics;
		};
		523E514C2DA36A2A00208A71 /* FirebaseMessaging */ = {
			isa = XCSwiftPackageProductDependency;
			package = 523E51482DA3692E00208A71 /* XCRemoteSwiftPackageReference "firebase-ios-sdk" */;
			productName = FirebaseMessaging;
		};
/* End XCSwiftPackageProductDependency section */
	};
	rootObject = 52978EE72D938F3D004FECD9 /* Project object */;
}
